{
  "name": "crawl_craigslist",
  "version": "1.0.0",
  "lockfileVersion": 1,
  "requires": true,
  "dependencies": {
    "@babel/runtime-corejs2": {
      "version": "7.4.5",
      "resolved": "http://sinopia.samsungmtv.com/@babel%2fruntime-corejs2/-/runtime-corejs2-7.4.5.tgz",
      "integrity": "sha512-5yLuwzvIDecKwYMzJtiarky4Fb5643H3Ao5jwX0HrMR5oM5mn2iHH9wSZonxwNK0oAjAFUQAiOd4jT7/9Y2jMQ==",
      "requires": {
        "core-js": "^2.6.5",
        "regenerator-runtime": "^0.13.2"
      }
    },
    "@types/node": {
      "version": "12.0.8",
      "resolved": "http://sinopia.samsungmtv.com/@types%2fnode/-/node-12.0.8.tgz",
      "integrity": "sha512-b8bbUOTwzIY3V5vDTY1fIJ+ePKDUBqt2hC2woVGotdQQhG/2Sh62HOKHrT7ab+VerXAcPyAiTEipPu/FsreUtg=="
    },
    "ansi-regex": {
      "version": "4.1.0",
      "resolved": "http://sinopia.samsungmtv.com/ansi-regex/-/ansi-regex-4.1.0.tgz",
      "integrity": "sha512-1apePfXM1UOSqw0o9IiFAovVz9M5S1Dg+4TrDwfMewQ6p/rmMueb7tWZjQ1rx4Loy1ArBggoqGpfqqdI4rondg=="
    },
    "ansi-styles": {
      "version": "3.2.1",
      "resolved": "http://sinopia.samsungmtv.com/ansi-styles/-/ansi-styles-3.2.1.tgz",
      "integrity": "sha512-VT0ZI6kZRdTh8YyJw3SMbYm/u+NqfsAxEpWO0Pf9sq8/e94WxxOpPKx9FR1FlyCtOVDNOQ+8ntlqFxiRc+r5qA==",
      "requires": {
        "color-convert": "^1.9.0"
      }
    },
    "astral-regex": {
      "version": "1.0.0",
      "resolved": "http://sinopia.samsungmtv.com/astral-regex/-/astral-regex-1.0.0.tgz",
      "integrity": "sha512-+Ryf6g3BKoRc7jfp7ad8tM4TtMiaWvbF/1/sQcZPkkS7ag3D5nMBCe2UfOTONtAkaG0tO0ij3C5Lwmf1EiyjHg=="
    },
    "axios": {
      "version": "0.19.0",
      "resolved": "http://sinopia.samsungmtv.com/axios/-/axios-0.19.0.tgz",
      "integrity": "sha512-1uvKqKQta3KBxIz14F2v06AEHZ/dIoeKfbTRkK1E5oqjDnuEerLmYTgJB5AiQZHJcljpg1TuRzdjDR06qNk0DQ==",
      "requires": {
        "follow-redirects": "1.5.10",
        "is-buffer": "^2.0.2"
      }
    },
    "boolbase": {
      "version": "1.0.0",
      "resolved": "http://sinopia.samsungmtv.com/boolbase/-/boolbase-1.0.0.tgz",
      "integrity": "sha1-aN/1++YMUes3cl6p4+0xDcwed24="
    },
    "chalk": {
      "version": "2.4.2",
      "resolved": "http://sinopia.samsungmtv.com/chalk/-/chalk-2.4.2.tgz",
      "integrity": "sha512-Mti+f9lpJNcwF4tWV8/OrTTtF1gZi+f8FqlyAdouralcFWFQWF2+NgCHShjkCb+IFBLq9buZwE1xckQU4peSuQ==",
      "requires": {
        "ansi-styles": "^3.2.1",
        "escape-string-regexp": "^1.0.5",
        "supports-color": "^5.3.0"
      }
    },
    "cheerio": {
      "version": "1.0.0-rc.3",
      "resolved": "http://sinopia.samsungmtv.com/cheerio/-/cheerio-1.0.0-rc.3.tgz",
      "integrity": "sha512-0td5ijfUPuubwLUu0OBoe98gZj8C/AA+RW3v67GPlGOrvxWjZmBXiBCRU+I8VEiNyJzjth40POfHiz2RB3gImA==",
      "requires": {
        "css-select": "~1.2.0",
        "dom-serializer": "~0.1.1",
        "entities": "~1.1.1",
        "htmlparser2": "^3.9.1",
        "lodash": "^4.15.0",
        "parse5": "^3.0.1"
      }
    },
    "color-convert": {
      "version": "1.9.3",
      "resolved": "http://sinopia.samsungmtv.com/color-convert/-/color-convert-1.9.3.tgz",
      "integrity": "sha512-QfAUtd+vFdAtFQcC8CCyYt1fYWxSqAiK2cSD6zDB8N3cpsEBAvRxp9zOGg6G/SHHJYAT88/az/IuDGALsNVbGg==",
      "requires": {
        "color-name": "1.1.3"
      }
    },
    "color-json": {
      "version": "2.0.0",
      "resolved": "http://sinopia.samsungmtv.com/color-json/-/color-json-2.0.0.tgz",
      "integrity": "sha512-2CFSEqvJ/QiYCBIuUi4BDMuGXgJPV83/hdI2OHT9qULsT9SIro5lG5Hi+Ftm0vqI4KEbXxTEGEaQVxCbQqxndA=="
    },
    "color-name": {
      "version": "1.1.3",
      "resolved": "http://sinopia.samsungmtv.com/color-name/-/color-name-1.1.3.tgz",
      "integrity": "sha1-p9BVi9icQveV3UIyj3QIMcpTvCU="
    },
    "colors": {
      "version": "1.3.3",
      "resolved": "http://sinopia.samsungmtv.com/colors/-/colors-1.3.3.tgz",
      "integrity": "sha512-mmGt/1pZqYRjMxB1axhTo16/snVZ5krrKkcmMeVKxzECMMXoCgnvTPp10QgHfcbQZw8Dq2jMNG6je4JlWU0gWg=="
    },
    "core-js": {
      "version": "2.6.9",
      "resolved": "http://sinopia.samsungmtv.com/core-js/-/core-js-2.6.9.tgz",
      "integrity": "sha512-HOpZf6eXmnl7la+cUdMnLvUxKNqLUzJvgIziQ0DiF3JwSImNphIqdGqzj6hIKyX04MmV0poclQ7+wjWvxQyR2A=="
    },
    "craigslist-searcher": {
      "version": "1.0.4",
      "resolved": "http://sinopia.samsungmtv.com/craigslist-searcher/-/craigslist-searcher-1.0.4.tgz",
      "integrity": "sha512-p1j9hAjJKgClImf6yI+DsQHz8R3WYL2AZV+0lceoNbfv3I7KAYqSEyyNr7mCJkHmtiY/0gB+C/sZZtKxigU/Xg==",
      "requires": {
        "axios": "^0.18.0"
      },
      "dependencies": {
        "axios": {
          "version": "0.18.1",
          "resolved": "http://sinopia.samsungmtv.com/axios/-/axios-0.18.1.tgz",
          "integrity": "sha512-0BfJq4NSfQXd+SkFdrvFbG7addhYSBA2mQwISr46pD6E5iqkWg02RAs8vyTT/j0RTnoYmeXauBuSv1qKwR179g==",
          "requires": {
            "follow-redirects": "1.5.10",
            "is-buffer": "^2.0.2"
          }
        }
      }
    },
    "css-select": {
      "version": "1.2.0",
      "resolved": "http://sinopia.samsungmtv.com/css-select/-/css-select-1.2.0.tgz",
      "integrity": "sha1-KzoRBTnFNV8c2NMUYj6HCxIeyFg=",
      "requires": {
        "boolbase": "~1.0.0",
        "css-what": "2.1",
        "domutils": "1.5.1",
        "nth-check": "~1.0.1"
      }
    },
    "css-what": {
      "version": "2.1.3",
      "resolved": "http://sinopia.samsungmtv.com/css-what/-/css-what-2.1.3.tgz",
      "integrity": "sha512-a+EPoD+uZiNfh+5fxw2nO9QwFa6nJe2Or35fGY6Ipw1R3R4AGz1d1TEZrCegvw2YTmZ0jXirGYlzxxpYSHwpEg=="
    },
    "currency.js": {
      "version": "1.2.2",
      "resolved": "http://sinopia.samsungmtv.com/currency.js/-/currency.js-1.2.2.tgz",
      "integrity": "sha512-trMkXtHpIFq2P+PcSml3La/jpwo8shy2Xn/b5mBXoJhx3E4m3wBbdjS8eHy/DWgYKaEUH8EXPC6yomFx+zumww=="
    },
    "debug": {
      "version": "3.1.0",
      "resolved": "http://sinopia.samsungmtv.com/debug/-/debug-3.1.0.tgz",
      "integrity": "sha512-OX8XqP7/1a9cqkxYw2yXss15f26NKWBpDXQd0/uK/KPqdQhxbPa994hnzjcE2VqQpDslf55723cKPUOGSmMY3g==",
      "requires": {
        "ms": "2.0.0"
      }
    },
    "decode-uri-component": {
      "version": "0.2.0",
      "resolved": "http://sinopia.samsungmtv.com/decode-uri-component/-/decode-uri-component-0.2.0.tgz",
      "integrity": "sha1-6zkTMzRYd1y4TNGh+uBiEGu4dUU="
    },
    "dom-serializer": {
      "version": "0.1.1",
      "resolved": "http://sinopia.samsungmtv.com/dom-serializer/-/dom-serializer-0.1.1.tgz",
      "integrity": "sha512-l0IU0pPzLWSHBcieZbpOKgkIn3ts3vAh7ZuFyXNwJxJXk/c4Gwj9xaTJwIDVQCXawWD0qb3IzMGH5rglQaO0XA==",
      "requires": {
        "domelementtype": "^1.3.0",
        "entities": "^1.1.1"
      }
    },
    "domelementtype": {
      "version": "1.3.1",
      "resolved": "http://sinopia.samsungmtv.com/domelementtype/-/domelementtype-1.3.1.tgz",
      "integrity": "sha512-BSKB+TSpMpFI/HOxCNr1O8aMOTZ8hT3pM3GQ0w/mWRmkhEDSFJkkyzz4XQsBV44BChwGkrDfMyjVD0eA2aFV3w=="
    },
    "domhandler": {
      "version": "2.4.2",
      "resolved": "http://sinopia.samsungmtv.com/domhandler/-/domhandler-2.4.2.tgz",
      "integrity": "sha512-JiK04h0Ht5u/80fdLMCEmV4zkNh2BcoMFBmZ/91WtYZ8qVXSKjiw7fXMgFPnHcSZgOo3XdinHvmnDUeMf5R4wA==",
      "requires": {
        "domelementtype": "1"
      }
    },
    "domutils": {
      "version": "1.5.1",
      "resolved": "http://sinopia.samsungmtv.com/domutils/-/domutils-1.5.1.tgz",
      "integrity": "sha1-3NhIiib1Y9YQeeSMn3t+Mjc2gs8=",
      "requires": {
        "dom-serializer": "0",
        "domelementtype": "1"
      }
    },
    "emoji-regex": {
      "version": "8.0.0",
      "resolved": "http://sinopia.samsungmtv.com/emoji-regex/-/emoji-regex-8.0.0.tgz",
      "integrity": "sha512-MSjYzcWNOA0ewAHpz0MxpYFvwg6yjy1NG3xteoqz644VCo/RPgnr1/GGt+ic3iJTzQ8Eu3TdM14SawnVUmGE6A=="
    },
    "entities": {
      "version": "1.1.2",
      "resolved": "http://sinopia.samsungmtv.com/entities/-/entities-1.1.2.tgz",
      "integrity": "sha512-f2LZMYl1Fzu7YSBKg+RoROelpOaNrcGmE9AZubeDfrCEia483oW4MI4VyFd5VNHIgQ/7qm1I0wUHK1eJnn2y2w=="
    },
    "escape-string-regexp": {
      "version": "1.0.5",
      "resolved": "http://sinopia.samsungmtv.com/escape-string-regexp/-/escape-string-regexp-1.0.5.tgz",
      "integrity": "sha1-G2HAViGQqN/2rjuyzwIAyhMLhtQ="
    },
    "follow-redirects": {
      "version": "1.5.10",
      "resolved": "http://sinopia.samsungmtv.com/follow-redirects/-/follow-redirects-1.5.10.tgz",
      "integrity": "sha512-0V5l4Cizzvqt5D44aTXbFZz+FtyXV1vrDN6qrelxtfYQKW0KO0W2T/hkE8xvGa/540LkZlkaUjO4ailYTFtHVQ==",
      "requires": {
        "debug": "=3.1.0"
      }
    },
    "has-flag": {
      "version": "3.0.0",
      "resolved": "http://sinopia.samsungmtv.com/has-flag/-/has-flag-3.0.0.tgz",
      "integrity": "sha1-tdRU3CGZriJWmfNGfloH87lVuv0="
    },
    "htmlparser2": {
      "version": "3.10.1",
      "resolved": "http://sinopia.samsungmtv.com/htmlparser2/-/htmlparser2-3.10.1.tgz",
      "integrity": "sha512-IgieNijUMbkDovyoKObU1DUhm1iwNYE/fuifEoEHfd1oZKZDaONBSkal7Y01shxsM49R4XaMdGez3WnF9UfiCQ==",
      "requires": {
        "domelementtype": "^1.3.1",
        "domhandler": "^2.3.0",
        "domutils": "^1.5.1",
        "entities": "^1.1.1",
        "inherits": "^2.0.1",
        "readable-stream": "^3.1.1"
      }
    },
    "inherits": {
      "version": "2.0.3",
      "resolved": "http://sinopia.samsungmtv.com/inherits/-/inherits-2.0.3.tgz",
      "integrity": "sha1-Yzwsg+PaQqUC9SRmAiSA9CCCYd4="
    },
    "is-buffer": {
      "version": "2.0.3",
      "resolved": "http://sinopia.samsungmtv.com/is-buffer/-/is-buffer-2.0.3.tgz",
      "integrity": "sha512-U15Q7MXTuZlrbymiz95PJpZxu8IlipAp4dtS3wOdgPXx3mqBnslrWU14kxfHB+Py/+2PVKSr37dMAgM2A4uArw=="
    },
    "is-fullwidth-code-point": {
      "version": "2.0.0",
      "resolved": "http://sinopia.samsungmtv.com/is-fullwidth-code-point/-/is-fullwidth-code-point-2.0.0.tgz",
      "integrity": "sha1-o7MKXE8ZkYMWeqq5O+764937ZU8="
    },
    "lodash": {
      "version": "4.17.11",
      "resolved": "http://sinopia.samsungmtv.com/lodash/-/lodash-4.17.11.tgz",
      "integrity": "sha512-cQKh8igo5QUhZ7lg38DYWAxMvjSAKG0A8wGSVimP07SIUEK2UO+arSRKbRZWtelMtN5V0Hkwh5ryOto/SshYIg=="
    },
    "ms": {
      "version": "2.0.0",
      "resolved": "http://sinopia.samsungmtv.com/ms/-/ms-2.0.0.tgz",
      "integrity": "sha1-VgiurfwAvmwpAd9fmGF4jeDVl8g="
    },
    "node-craigslist": {
      "version": "2.0.0",
      "resolved": "http://sinopia.samsungmtv.com/node-craigslist/-/node-craigslist-2.0.0.tgz",
      "integrity": "sha512-xmEMvDpCnjPultO/X/AB4LdYc+kgEQ8nDfNflYHOfGKIoxwFQb6d0pozrnCh8vPhBch6py31ZZwb1o+l/t7Jlw==",
      "requires": {
        "@babel/runtime-corejs2": "^7.3.1",
        "cheerio": "^1.0.0-rc.2",
        "debug": "^4.1.1",
        "reqlib": "^1.0.2"
      },
      "dependencies": {
        "debug": {
          "version": "4.1.1",
          "resolved": "http://sinopia.samsungmtv.com/debug/-/debug-4.1.1.tgz",
          "integrity": "sha512-pYAIzeRo8J6KPEaJ0VWOh5Pzkbw/RetuzehGM7QRRX5he4fPHx2rdKMB256ehJCkX+XRQm16eZLqLNS8RSZXZw==",
          "requires": {
            "ms": "^2.1.1"
          }
        },
        "ms": {
          "version": "2.1.2",
          "resolved": "http://sinopia.samsungmtv.com/ms/-/ms-2.1.2.tgz",
          "integrity": "sha512-sGkPx+VjMtmA6MX27oA4FBFELFCZZ4S4XqeGOXCv68tT+jb3vk/RyaKWP0PTKyWtmLSM0b+adUTEvbs1PEaH2w=="
        }
      }
    },
    "nth-check": {
      "version": "1.0.2",
      "resolved": "http://sinopia.samsungmtv.com/nth-check/-/nth-check-1.0.2.tgz",
      "integrity": "sha512-WeBOdju8SnzPN5vTUJYxYUxLeXpCaVP5i5e0LF8fg7WORF2Wd7wFX/pk0tYZk7s8T+J7VLy0Da6J1+wCT0AtHg==",
      "requires": {
        "boolbase": "~1.0.0"
      }
    },
    "parse5": {
      "version": "3.0.3",
      "resolved": "http://sinopia.samsungmtv.com/parse5/-/parse5-3.0.3.tgz",
      "integrity": "sha512-rgO9Zg5LLLkfJF9E6CCmXlSE4UVceloys8JrFqCcHloC3usd/kJCyPDwH2SOlzix2j3xaP9sUX3e8+kvkuleAA==",
      "requires": {
        "@types/node": "*"
      }
    },
    "query-string": {
      "version": "6.7.0",
      "resolved": "http://sinopia.samsungmtv.com/query-string/-/query-string-6.7.0.tgz",
      "integrity": "sha512-oQ01H1jrgDRbPq5SjtJF470S418GOrKkds+fpvAt6DQatHXl7bmkaJulHbTIM+QNGtoPpa8f5k9W3Zk50zXRPQ==",
      "requires": {
        "decode-uri-component": "^0.2.0",
        "split-on-first": "^1.0.0",
        "strict-uri-encode": "^2.0.0"
      }
    },
    "readable-stream": {
      "version": "3.4.0",
      "resolved": "http://sinopia.samsungmtv.com/readable-stream/-/readable-stream-3.4.0.tgz",
      "integrity": "sha512-jItXPLmrSR8jmTRmRWJXCnGJsfy85mB3Wd/uINMXA65yrnFo0cPClFIUWzo2najVNSl+mx7/4W8ttlLWJe99pQ==",
      "requires": {
        "inherits": "^2.0.3",
        "string_decoder": "^1.1.1",
        "util-deprecate": "^1.0.1"
      }
    },
    "regenerator-runtime": {
      "version": "0.13.2",
      "resolved": "http://sinopia.samsungmtv.com/regenerator-runtime/-/regenerator-runtime-0.13.2.tgz",
      "integrity": "sha512-S/TQAZJO+D3m9xeN1WTI8dLKBBiRgXBlTJvbWjCThHWZj9EvHK70Ff50/tYj2J/fvBY6JtFVwRuazHN2E7M9BA=="
    },
    "reqlib": {
      "version": "1.0.8",
      "resolved": "http://sinopia.samsungmtv.com/reqlib/-/reqlib-1.0.8.tgz",
      "integrity": "sha512-hyYsDwUliJxIdbLi7UcI8rwIlKA8NyPa/POOt4+n/1SdcfzAH/YVQreDutj+XC+vFzhk+TW7HWpPYC4dRDPRGQ==",
      "requires": {
        "@babel/runtime-corejs2": "^7.3.1"
      }
    },
    "safe-buffer": {
      "version": "5.1.2",
      "resolved": "http://sinopia.samsungmtv.com/safe-buffer/-/safe-buffer-5.1.2.tgz",
      "integrity": "sha512-Gd2UZBJDkXlY7GbJxfsE8/nvKkUEU1G38c1siN6QP6a9PT9MmHB8GnpscSmMJSoF8LOIrt8ud/wPtojys4G6+g=="
    },
    "slice-ansi": {
      "version": "2.1.0",
      "resolved": "http://sinopia.samsungmtv.com/slice-ansi/-/slice-ansi-2.1.0.tgz",
      "integrity": "sha512-Qu+VC3EwYLldKa1fCxuuvULvSJOKEgk9pi8dZeCVK7TqBfUNTH4sFkk4joj8afVSfAYgJoSOetjx9QWOJ5mYoQ==",
      "requires": {
        "ansi-styles": "^3.2.0",
        "astral-regex": "^1.0.0",
        "is-fullwidth-code-point": "^2.0.0"
      }
    },
    "split-on-first": {
      "version": "1.1.0",
      "resolved": "http://sinopia.samsungmtv.com/split-on-first/-/split-on-first-1.1.0.tgz",
      "integrity": "sha512-43ZssAJaMusuKWL8sKUBQXHWOpq8d6CfN/u1p4gUzfJkM05C8rxTmYrkIPTXapZpORA6LkkzcUulJ8FqA7Uudw=="
    },
    "strict-uri-encode": {
      "version": "2.0.0",
      "resolved": "http://sinopia.samsungmtv.com/strict-uri-encode/-/strict-uri-encode-2.0.0.tgz",
      "integrity": "sha1-ucczDHBChi9rFC3CdLvMWGbONUY="
    },
    "string-width": {
      "version": "4.1.0",
      "resolved": "http://sinopia.samsungmtv.com/string-width/-/string-width-4.1.0.tgz",
      "integrity": "sha512-NrX+1dVVh+6Y9dnQ19pR0pP4FiEIlUvdTGn8pw6CKTNq5sgib2nIhmUNT5TAmhWmvKr3WcxBcP3E8nWezuipuQ==",
      "requires": {
        "emoji-regex": "^8.0.0",
        "is-fullwidth-code-point": "^3.0.0",
        "strip-ansi": "^5.2.0"
      },
      "dependencies": {
        "is-fullwidth-code-point": {
          "version": "3.0.0",
          "resolved": "http://sinopia.samsungmtv.com/is-fullwidth-code-point/-/is-fullwidth-code-point-3.0.0.tgz",
          "integrity": "sha512-zymm5+u+sCsSWyD9qNaejV3DFvhCKclKdizYaJUuHA83RLjb7nSuGnddCHGv0hk+KY7BMAlsWeK4Ueg6EV6XQg=="
        }
      }
    },
    "string_decoder": {
      "version": "1.2.0",
      "resolved": "http://sinopia.samsungmtv.com/string_decoder/-/string_decoder-1.2.0.tgz",
      "integrity": "sha512-6YqyX6ZWEYguAxgZzHGL7SsCeGx3V2TtOTqZz1xSTSWnqsbWwbptafNyvf/ACquZUXV3DANr5BDIwNYe1mN42w==",
      "requires": {
        "safe-buffer": "~5.1.0"
      }
    },
    "strip-ansi": {
      "version": "5.2.0",
      "resolved": "http://sinopia.samsungmtv.com/strip-ansi/-/strip-ansi-5.2.0.tgz",
      "integrity": "sha512-DuRs1gKbBqsMKIZlrffwlug8MHkcnpjs5VPmL1PAh+mA30U0DTotfDZ0d2UUsXpPmPmMMJ6W773MaA3J+lbiWA==",
      "requires": {
        "ansi-regex": "^4.1.0"
      }
    },
    "supports-color": {
      "version": "5.5.0",
      "resolved": "http://sinopia.samsungmtv.com/supports-color/-/supports-color-5.5.0.tgz",
      "integrity": "sha512-QjVjwdXIt408MIiAqCX4oUKsgU2EqAGzs2Ppkm4aQYbjm+ZEWEcW4SfFNTr4uMNZma0ey4f5lgLrkB0aX0QMow==",
      "requires": {
        "has-flag": "^3.0.0"
      }
    },
    "util-deprecate": {
      "version": "1.0.2",
      "resolved": "http://sinopia.samsungmtv.com/util-deprecate/-/util-deprecate-1.0.2.tgz",
      "integrity": "sha1-RQ1Nyfpw3nMnYvvS1KKJgUGaDM8="
    },
    "wrap-ansi": {
      "version": "6.0.0",
      "resolved": "http://sinopia.samsungmtv.com/wrap-ansi/-/wrap-ansi-6.0.0.tgz",
      "integrity": "sha512-8YwLklVkHe4QNpGFrK6Mxm+BaMY7da6C9GlDED3xs3XwThyJHSbVwg9qC4s1N8tBFcnM1S0s8I390RC6SgGe+g==",
      "requires": {
        "ansi-styles": "^4.0.0",
        "string-width": "^4.1.0",
        "strip-ansi": "^5.0.0"
      },
      "dependencies": {
        "ansi-styles": {
          "version": "4.0.0",
          "resolved": "http://sinopia.samsungmtv.com/ansi-styles/-/ansi-styles-4.0.0.tgz",
          "integrity": "sha512-8zjUtFJ3db/QoPXuuEMloS2AUf79/yeyttJ7Abr3hteopJu9HK8vsgGviGUMq+zyA6cZZO6gAyZoMTF6TgaEjA==",
          "requires": {
            "color-convert": "^2.0.0"
          }
        },
        "color-convert": {
          "version": "2.0.0",
          "resolved": "http://sinopia.samsungmtv.com/color-convert/-/color-convert-2.0.0.tgz",
          "integrity": "sha512-hzTicsCJIHdxih9+2aLR1tNGZX5qSJGRHDPVwSY26tVrEf55XNajLOBWz2UuWSIergszA09/bqnOiHyqx9fxQg==",
          "requires": {
            "color-name": "~1.1.4"
          }
        },
        "color-name": {
          "version": "1.1.4",
          "resolved": "http://sinopia.samsungmtv.com/color-name/-/color-name-1.1.4.tgz",
          "integrity": "sha512-dOy+3AuW3a2wNbZHIuMZpTcgjGuLU/uBL/ubcZF9OXbDo8ff4O8yVp5Bf0efS8uEoYo5q4Fx7dY9OgQGXgAsQA=="
        }
      }
    }
  }
}
